
Microsoft Visual Studio Solution File, Format Version 12.00
# Visual Studio Version 17
VisualStudioVersion = 17.0.32112.339
MinimumVisualStudioVersion = 10.0.40219.1
Project("{9A19103F-16F7-4668-BE54-9A1E7A4F7556}") = "Inex inter", "Inex inter\Inex inter.csproj", "{689091B7-1BC6-410A-9CE5-8B919B4A24D2}"
EndProject
Global
	GlobalSection(SolutionConfigurationPlatforms) = preSolution
		Debug|Any CPU = Debug|Any CPU
		Release|Any CPU = Release|Any CPU
	EndGlobalSection
	GlobalSection(ProjectConfigurationPlatforms) = postSolution
		{689091B7-1BC6-410A-9CE5-8B919B4A24D2}.Debug|Any CPU.ActiveCfg = Debug|Any CPU
		{689091B7-1BC6-410A-9CE5-8B919B4A24D2}.Debug|Any CPU.Build.0 = Debug|Any CPU
		{689091B7-1BC6-410A-9CE5-8B919B4A24D2}.Release|Any CPU.ActiveCfg = Release|Any CPU
		{689091B7-1BC6-410A-9CE5-8B919B4A24D2}.Release|Any CPU.Build.0 = Release|Any CPU
	EndGlobalSection
	GlobalSection(SolutionProperties) = preSolution
		HideSolutionNode = FALSE
	EndGlobalSection
	GlobalSection(ExtensibilityGlobals) = postSolution
		SolutionGuid = {F6C8BE05-D1A1-4E40-B1B1-3622848A2DD4}
	EndGlobalSection
EndGlobal
